// !$*UTF8*$!
{
	archiveVersion = 1;
	classes = {
	};
	objectVersion = 55;
	objects = {

/* Begin PBXBuildFile section */
		182A399E2913B0D700EF2BE9 /* AppDelegate.swift in Sources */ = {isa = PBXBuildFile; fileRef = 182A399D2913B0D700EF2BE9 /* AppDelegate.swift */; };
		182A39A02913B0D700EF2BE9 /* SceneDelegate.swift in Sources */ = {isa = PBXBuildFile; fileRef = 182A399F2913B0D700EF2BE9 /* SceneDelegate.swift */; };
		182A39A22913B0D700EF2BE9 /* ViewController.swift in Sources */ = {isa = PBXBuildFile; fileRef = 182A39A12913B0D700EF2BE9 /* ViewController.swift */; };
		182A39A52913B0D700EF2BE9 /* Main.storyboard in Resources */ = {isa = PBXBuildFile; fileRef = 182A39A32913B0D700EF2BE9 /* Main.storyboard */; };
		182A39A72913B0D800EF2BE9 /* Assets.xcassets in Resources */ = {isa = PBXBuildFile; fileRef = 182A39A62913B0D800EF2BE9 /* Assets.xcassets */; };
		182A39AA2913B0D800EF2BE9 /* LaunchScreen.storyboard in Resources */ = {isa = PBXBuildFile; fileRef = 182A39A82913B0D800EF2BE9 /* LaunchScreen.storyboard */; };
		182A39B52913B0D900EF2BE9 /* calciTests.swift in Sources */ = {isa = PBXBuildFile; fileRef = 182A39B42913B0D900EF2BE9 /* calciTests.swift */; };
		182A39BF2913B0D900EF2BE9 /* calciUITests.swift in Sources */ = {isa = PBXBuildFile; fileRef = 182A39BE2913B0D900EF2BE9 /* calciUITests.swift */; };
		182A39C12913B0D900EF2BE9 /* calciUITestsLaunchTests.swift in Sources */ = {isa = PBXBuildFile; fileRef = 182A39C02913B0D900EF2BE9 /* calciUITestsLaunchTests.swift */; };
/* End PBXBuildFile section */

/* Begin PBXContainerItemProxy section */
		182A39B12913B0D900EF2BE9 /* PBXContainerItemProxy */ = {
			isa = PBXContainerItemProxy;
			containerPortal = 182A39922913B0D700EF2BE9 /* Project object */;
			proxyType = 1;
			remoteGlobalIDString = 182A39992913B0D700EF2BE9;
			remoteInfo = calci;
		};
		182A39BB2913B0D900EF2BE9 /* PBXContainerItemProxy */ = {
			isa = PBXContainerItemProxy;
			containerPortal = 182A39922913B0D700EF2BE9 /* Project object */;
			proxyType = 1;
			remoteGlobalIDString = 182A39992913B0D700EF2BE9;
			remoteInfo = calci;
		};
/* End PBXContainerItemProxy section */

/* Begin PBXFileReference section */
		182A399A2913B0D700EF2BE9 /* calci.app */ = {isa = PBXFileReference; explicitFileType = wrapper.application; includeInIndex = 0; path = calci.app; sourceTree = BUILT_PRODUCTS_DIR; };
		182A399D2913B0D700EF2BE9 /* AppDelegate.swift */ = {isa = PBXFileReference; lastKnownFileType = sourcecode.swift; path = AppDelegate.swift; sourceTree = "<group>"; };
		182A399F2913B0D700EF2BE9 /* SceneDelegate.swift */ = {isa = PBXFileReference; lastKnownFileType = sourcecode.swift; path = SceneDelegate.swift; sourceTree = "<group>"; };
		182A39A12913B0D700EF2BE9 /* ViewController.swift */ = {isa = PBXFileReference; lastKnownFileType = sourcecode.swift; path = ViewController.swift; sourceTree = "<group>"; };
		182A39A42913B0D700EF2BE9 /* Base */ = {isa = PBXFileReference; lastKnownFileType = file.storyboard; name = Base; path = Base.lproj/Main.storyboard; sourceTree = "<group>"; };
		182A39A62913B0D800EF2BE9 /* Assets.xcassets */ = {isa = PBXFileReference; lastKnownFileType = folder.assetcatalog; path = Assets.xcassets; sourceTree = "<group>"; };
		182A39A92913B0D800EF2BE9 /* Base */ = {isa = PBXFileReference; lastKnownFileType = file.storyboard; name = Base; path = Base.lproj/LaunchScreen.storyboard; sourceTree = "<group>"; };
		182A39AB2913B0D800EF2BE9 /* Info.plist */ = {isa = PBXFileReference; lastKnownFileType = text.plist.xml; path = Info.plist; sourceTree = "<group>"; };
		182A39B02913B0D900EF2BE9 /* calciTests.xctest */ = {isa = PBXFileReference; explicitFileType = wrapper.cfbundle; includeInIndex = 0; path = calciTests.xctest; sourceTree = BUILT_PRODUCTS_DIR; };
		182A39B42913B0D900EF2BE9 /* calciTests.swift */ = {isa = PBXFileReference; lastKnownFileType = sourcecode.swift; path = calciTests.swift; sourceTree = "<group>"; };
		182A39BA2913B0D900EF2BE9 /* calciUITests.xctest */ = {isa = PBXFileReference; explicitFileType = wrapper.cfbundle; includeInIndex = 0; path = calciUITests.xctest; sourceTree = BUILT_PRODUCTS_DIR; };
		182A39BE2913B0D900EF2BE9 /* calciUITests.swift */ = {isa = PBXFileReference; lastKnownFileType = sourcecode.swift; path = calciUITests.swift; sourceTree = "<group>"; };
		182A39C02913B0D900EF2BE9 /* calciUITestsLaunchTests.swift */ = {isa = PBXFileReference; lastKnownFileType = sourcecode.swift; path = calciUITestsLaunchTests.swift; sourceTree = "<group>"; };
/* End PBXFileReference section */

/* Begin PBXFrameworksBuildPhase section */
		182A39972913B0D700EF2BE9 /* Frameworks */ = {
			isa = PBXFrameworksBuildPhase;
			buildActionMask = 2147483647;
			files = (
			);
			runOnlyForDeploymentPostprocessing = 0;
		};
		182A39AD2913B0D900EF2BE9 /* Frameworks */ = {
			isa = PBXFrameworksBuildPhase;
			buildActionMask = 2147483647;
			files = (
			);
			runOnlyForDeploymentPostprocessing = 0;
		};
		182A39B72913B0D900EF2BE9 /* Frameworks */ = {
			isa = PBXFrameworksBuildPhase;
			buildActionMask = 2147483647;
			files = (
			);
			runOnlyForDeploymentPostprocessing = 0;
		};
/* End PBXFrameworksBuildPhase section */

/* Begin PBXGroup section */
		182A39912913B0D700EF2BE9 = {
			isa = PBXGroup;
			children = (
				182A399C2913B0D700EF2BE9 /* calci */,
				182A39B32913B0D900EF2BE9 /* calciTests */,
				182A39BD2913B0D900EF2BE9 /* calciUITests */,
				182A399B2913B0D700EF2BE9 /* Products */,
			);
			sourceTree = "<group>";
		};
		182A399B2913B0D700EF2BE9 /* Products */ = {
			isa = PBXGroup;
			children = (
				182A399A2913B0D700EF2BE9 /* calci.app */,
				182A39B02913B0D900EF2BE9 /* calciTests.xctest */,
				182A39BA2913B0D900EF2BE9 /* calciUITests.xctest */,
			);
			name = Products;
			sourceTree = "<group>";
		};
		182A399C2913B0D700EF2BE9 /* calci */ = {
			isa = PBXGroup;
			children = (
				182A399D2913B0D700EF2BE9 /* AppDelegate.swift */,
				182A399F2913B0D700EF2BE9 /* SceneDelegate.swift */,
				182A39A12913B0D700EF2BE9 /* ViewController.swift */,
				182A39A32913B0D700EF2BE9 /* Main.storyboard */,
				182A39A62913B0D800EF2BE9 /* Assets.xcassets */,
				182A39A82913B0D800EF2BE9 /* LaunchScreen.storyboard */,
				182A39AB2913B0D800EF2BE9 /* Info.plist */,
			);
			path = calci;
			sourceTree = "<group>";
		};
		182A39B32913B0D900EF2BE9 /* calciTests */ = {
			isa = PBXGroup;
			children = (
				182A39B42913B0D900EF2BE9 /* calciTests.swift */,
			);
			path = calciTests;
			sourceTree = "<group>";
		};
		182A39BD2913B0D900EF2BE9 /* calciUITests */ = {
			isa = PBXGroup;
			children = (
				182A39BE2913B0D900EF2BE9 /* calciUITests.swift */,
				182A39C02913B0D900EF2BE9 /* calciUITestsLaunchTests.swift */,
			);
			path = calciUITests;
			sourceTree = "<group>";
		};
/* End PBXGroup section */

/* Begin PBXNativeTarget section */
		182A39992913B0D700EF2BE9 /* calci */ = {
			isa = PBXNativeTarget;
			buildConfigurationList = 182A39C42913B0D900EF2BE9 /* Build configuration list for PBXNativeTarget "calci" */;
			buildPhases = (
				182A39962913B0D700EF2BE9 /* Sources */,
				182A39972913B0D700EF2BE9 /* Frameworks */,
				182A39982913B0D700EF2BE9 /* Resources */,
			);
			buildRules = (
			);
			dependencies = (
			);
			name = calci;
			productName = calci;
			productReference = 182A399A2913B0D700EF2BE9 /* calci.app */;
			productType = "com.apple.product-type.application";
		};
		182A39AF2913B0D900EF2BE9 /* calciTests */ = {
			isa = PBXNativeTarget;
			buildConfigurationList = 182A39C72913B0D900EF2BE9 /* Build configuration list for PBXNativeTarget "calciTests" */;
			buildPhases = (
				182A39AC2913B0D900EF2BE9 /* Sources */,
				182A39AD2913B0D900EF2BE9 /* Frameworks */,
				182A39AE2913B0D900EF2BE9 /* Resources */,
			);
			buildRules = (
			);
			dependencies = (
				182A39B22913B0D900EF2BE9 /* PBXTargetDependency */,
			);
			name = calciTests;
			productName = calciTests;
			productReference = 182A39B02913B0D900EF2BE9 /* calciTests.xctest */;
			productType = "com.apple.product-type.bundle.unit-test";
		};
		182A39B92913B0D900EF2BE9 /* calciUITests */ = {
			isa = PBXNativeTarget;
			buildConfigurationList = 182A39CA2913B0D900EF2BE9 /* Build configuration list for PBXNativeTarget "calciUITests" */;
			buildPhases = (
				182A39B62913B0D900EF2BE9 /* Sources */,
				182A39B72913B0D900EF2BE9 /* Frameworks */,
				182A39B82913B0D900EF2BE9 /* Resources */,
			);
			buildRules = (
			);
			dependencies = (
				182A39BC2913B0D900EF2BE9 /* PBXTargetDependency */,
			);
			name = calciUITests;
			productName = calciUITests;
			productReference = 182A39BA2913B0D900EF2BE9 /* calciUITests.xctest */;
			productType = "com.apple.product-type.bundle.ui-testing";
		};
/* End PBXNativeTarget section */

/* Begin PBXProject section */
		182A39922913B0D700EF2BE9 /* Project object */ = {
			isa = PBXProject;
			attributes = {
				BuildIndependentTargetsInParallel = 1;
				LastSwiftUpdateCheck = 1340;
				LastUpgradeCheck = 1340;
				TargetAttributes = {
					182A39992913B0D700EF2BE9 = {
						CreatedOnToolsVersion = 13.4.1;
					};
					182A39AF2913B0D900EF2BE9 = {
						CreatedOnToolsVersion = 13.4.1;
						TestTargetID = 182A39992913B0D700EF2BE9;
					};
					182A39B92913B0D900EF2BE9 = {
						CreatedOnToolsVersion = 13.4.1;
						TestTargetID = 182A39992913B0D700EF2BE9;
					};
				};
			};
			buildConfigurationList = 182A39952913B0D700EF2BE9 /* Build configuration list for PBXProject "calci" */;
			compatibilityVersion = "Xcode 13.0";
			developmentRegion = en;
			hasScannedForEncodings = 0;
			knownRegions = (
				en,
				Base,
			);
			mainGroup = 182A39912913B0D700EF2BE9;
			productRefGroup = 182A399B2913B0D700EF2BE9 /* Products */;
			projectDirPath = "";
			projectRoot = "";
			targets = (
				182A39992913B0D700EF2BE9 /* calci */,
				182A39AF2913B0D900EF2BE9 /* calciTests */,
				182A39B92913B0D900EF2BE9 /* calciUITests */,
			);
		};
/* End PBXProject section */

/* Begin PBXResourcesBuildPhase section */
		182A39982913B0D700EF2BE9 /* Resources */ = {
			isa = PBXResourcesBuildPhase;
			buildActionMask = 2147483647;
			files = (
				182A39AA2913B0D800EF2BE9 /* LaunchScreen.storyboard in Resources */,
				182A39A72913B0D800EF2BE9 /* Assets.xcassets in Resources */,
				182A39A52913B0D700EF2BE9 /* Main.storyboard in Resources */,
			);
			runOnlyForDeploymentPostprocessing = 0;
		};
		182A39AE2913B0D900EF2BE9 /* Resources */ = {
			isa = PBXResourcesBuildPhase;
			buildActionMask = 2147483647;
			files = (
			);
			runOnlyForDeploymentPostprocessing = 0;
		};
		182A39B82913B0D900EF2BE9 /* Resources */ = {
			isa = PBXResourcesBuildPhase;
			buildActionMask = 2147483647;
			files = (
			);
			runOnlyForDeploymentPostprocessing = 0;
		};
/* End PBXResourcesBuildPhase section */

/* Begin PBXSourcesBuildPhase section */
		182A39962913B0D700EF2BE9 /* Sources */ = {
			isa = PBXSourcesBuildPhase;
			buildActionMask = 2147483647;
			files = (
				182A39A22913B0D700EF2BE9 /* ViewController.swift in Sources */,
				182A399E2913B0D700EF2BE9 /* AppDelegate.swift in Sources */,
				182A39A02913B0D700EF2BE9 /* SceneDelegate.swift in Sources */,
			);
			runOnlyForDeploymentPostprocessing = 0;
		};
		182A39AC2913B0D900EF2BE9 /* Sources */ = {
			isa = PBXSourcesBuildPhase;
			buildActionMask = 2147483647;
			files = (
				182A39B52913B0D900EF2BE9 /* calciTests.swift in Sources */,
			);
			runOnlyForDeploymentPostprocessing = 0;
		};
		182A39B62913B0D900EF2BE9 /* Sources */ = {
			isa = PBXSourcesBuildPhase;
			buildActionMask = 2147483647;
			files = (
				182A39BF2913B0D900EF2BE9 /* calciUITests.swift in Sources */,
				182A39C12913B0D900EF2BE9 /* calciUITestsLaunchTests.swift in Sources */,
			);
			runOnlyForDeploymentPostprocessing = 0;
		};
/* End PBXSourcesBuildPhase section */

/* Begin PBXTargetDependency section */
		182A39B22913B0D900EF2BE9 /* PBXTargetDependency */ = {
			isa = PBXTargetDependency;
			target = 182A39992913B0D700EF2BE9 /* calci */;
			targetProxy = 182A39B12913B0D900EF2BE9 /* PBXContainerItemProxy */;
		};
		182A39BC2913B0D900EF2BE9 /* PBXTargetDependency */ = {
			isa = PBXTargetDependency;
			target = 182A39992913B0D700EF2BE9 /* calci */;
			targetProxy = 182A39BB2913B0D900EF2BE9 /* PBXContainerItemProxy */;
		};
/* End PBXTargetDependency section */

/* Begin PBXVariantGroup section */
		182A39A32913B0D700EF2BE9 /* Main.storyboard */ = {
			isa = PBXVariantGroup;
			children = (
				182A39A42913B0D700EF2BE9 /* Base */,
			);
			name = Main.storyboard;
			sourceTree = "<group>";
		};
		182A39A82913B0D800EF2BE9 /* LaunchScreen.storyboard */ = {
			isa = PBXVariantGroup;
			children = (
				182A39A92913B0D800EF2BE9 /* Base */,
			);
			name = LaunchScreen.storyboard;
			sourceTree = "<group>";
		};
/* End PBXVariantGroup section */

/* Begin XCBuildConfiguration section */
		182A39C22913B0D900EF2BE9 /* Debug */ = {
			isa = XCBuildConfiguration;
			buildSettings = {
				ALWAYS_SEARCH_USER_PATHS = NO;
				CLANG_ANALYZER_NONNULL = YES;
				CLANG_ANALYZER_NUMBER_OBJECT_CONVERSION = YES_AGGRESSIVE;
				CLANG_CXX_LANGUAGE_STANDARD = "gnu++17";
				CLANG_ENABLE_MODULES = YES;
				CLANG_ENABLE_OBJC_ARC = YES;
				CLANG_ENABLE_OBJC_WEAK = YES;
				CLANG_WARN_BLOCK_CAPTURE_AUTORELEASING = YES;
				CLANG_WARN_BOOL_CONVERSION = YES;
				CLANG_WARN_COMMA = YES;
				CLANG_WARN_CONSTANT_CONVERSION = YES;
				CLANG_WARN_DEPRECATED_OBJC_IMPLEMENTATIONS = YES;
				CLANG_WARN_DIRECT_OBJC_ISA_USAGE = YES_ERROR;
				CLANG_WARN_DOCUMENTATION_COMMENTS = YES;
				CLANG_WARN_EMPTY_BODY = YES;
				CLANG_WARN_ENUM_CONVERSION = YES;
				CLANG_WARN_INFINITE_RECURSION = YES;
				CLANG_WARN_INT_CONVERSION = YES;
				CLANG_WARN_NON_LITERAL_NULL_CONVERSION = YES;
				CLANG_WARN_OBJC_IMPLICIT_RETAIN_SELF = YES;
				CLANG_WARN_OBJC_LITERAL_CONVERSION = YES;
				CLANG_WARN_OBJC_ROOT_CLASS = YES_ERROR;
				CLANG_WARN_QUOTED_INCLUDE_IN_FRAMEWORK_HEADER = YES;
				CLANG_WARN_RANGE_LOOP_ANALYSIS = YES;
				CLANG_WARN_STRICT_PROTOTYPES = YES;
				CLANG_WARN_SUSPICIOUS_MOVE = YES;
				CLANG_WARN_UNGUARDED_AVAILABILITY = YES_AGGRESSIVE;
				CLANG_WARN_UNREACHABLE_CODE = YES;
				CLANG_WARN__DUPLICATE_METHOD_MATCH = YES;
				COPY_PHASE_STRIP = NO;
				DEBUG_INFORMATION_FORMAT = dwarf;
				ENABLE_STRICT_OBJC_MSGSEND = YES;
				ENABLE_TESTABILITY = YES;
				GCC_C_LANGUAGE_STANDARD = gnu11;
				GCC_DYNAMIC_NO_PIC = NO;
				GCC_NO_COMMON_BLOCKS = YES;
				GCC_OPTIMIZATION_LEVEL = 0;
				GCC_PREPROCESSOR_DEFINITIONS = (
					"DEBUG=1",
					"$(inherited)",
				);
				GCC_WARN_64_TO_32_BIT_CONVERSION = YES;
				GCC_WARN_ABOUT_RETURN_TYPE = YES_ERROR;
				GCC_WARN_UNDECLARED_SELECTOR = YES;
				GCC_WARN_UNINITIALIZED_AUTOS = YES_AGGRESSIVE;
				GCC_WARN_UNUSED_FUNCTION = YES;
				GCC_WARN_UNUSED_VARIABLE = YES;
				IPHONEOS_DEPLOYMENT_TARGET = 15.5;
				MTL_ENABLE_DEBUG_INFO = INCLUDE_SOURCE;
				MTL_FAST_MATH = YES;
				ONLY_ACTIVE_ARCH = YES;
				SDKROOT = iphoneos;
				SWIFT_ACTIVE_COMPILATION_CONDITIONS = DEBUG;
				SWIFT_OPTIMIZATION_LEVEL = "-Onone";
			};
			name = Debug;
		};
		182A39C32913B0D900EF2BE9 /* Release */ = {
			isa = XCBuildConfiguration;
			buildSettings = {
				ALWAYS_SEARCH_USER_PATHS = NO;
				CLANG_ANALYZER_NONNULL = YES;
				CLANG_ANALYZER_NUMBER_OBJECT_CONVERSION = YES_AGGRESSIVE;
				CLANG_CXX_LANGUAGE_STANDARD = "gnu++17";
				CLANG_ENABLE_MODULES = YES;
				CLANG_ENABLE_OBJC_ARC = YES;
				CLANG_ENABLE_OBJC_WEAK = YES;
				CLANG_WARN_BLOCK_CAPTURE_AUTORELEASING = YES;
				CLANG_WARN_BOOL_CONVERSION = YES;
				CLANG_WARN_COMMA = YES;
				CLANG_WARN_CONSTANT_CONVERSION = YES;
				CLANG_WARN_DEPRECATED_OBJC_IMPLEMENTATIONS = YES;
				CLANG_WARN_DIRECT_OBJC_ISA_USAGE = YES_ERROR;
				CLANG_WARN_DOCUMENTATION_COMMENTS = YES;
				CLANG_WARN_EMPTY_BODY = YES;
				CLANG_WARN_ENUM_CONVERSION = YES;
				CLANG_WARN_INFINITE_RECURSION = YES;
				CLANG_WARN_INT_CONVERSION = YES;
				CLANG_WARN_NON_LITERAL_NULL_CONVERSION = YES;
				CLANG_WARN_OBJC_IMPLICIT_RETAIN_SELF = YES;
				CLANG_WARN_OBJC_LITERAL_CONVERSION = YES;
				CLANG_WARN_OBJC_ROOT_CLASS = YES_ERROR;
				CLANG_WARN_QUOTED_INCLUDE_IN_FRAMEWORK_HEADER = YES;
				CLANG_WARN_RANGE_LOOP_ANALYSIS = YES;
				CLANG_WARN_STRICT_PROTOTYPES = YES;
				CLANG_WARN_SUSPICIOUS_MOVE = YES;
				CLANG_WARN_UNGUARDED_AVAILABILITY = YES_AGGRESSIVE;
				CLANG_WARN_UNREACHABLE_CODE = YES;
				CLANG_WARN__DUPLICATE_METHOD_MATCH = YES;
				COPY_PHASE_STRIP = NO;
				DEBUG_INFORMATION_FORMAT = "dwarf-with-dsym";
				ENABLE_NS_ASSERTIONS = NO;
				ENABLE_STRICT_OBJC_MSGSEND = YES;
				GCC_C_LANGUAGE_STANDARD = gnu11;
				GCC_NO_COMMON_BLOCKS = YES;
				GCC_WARN_64_TO_32_BIT_CONVERSION = YES;
				GCC_WARN_ABOUT_RETURN_TYPE = YES_ERROR;
				GCC_WARN_UNDECLARED_SELECTOR = YES;
				GCC_WARN_UNINITIALIZED_AUTOS = YES_AGGRESSIVE;
				GCC_WARN_UNUSED_FUNCTION = YES;
				GCC_WARN_UNUSED_VARIABLE = YES;
				IPHONEOS_DEPLOYMENT_TARGET = 15.5;
				MTL_ENABLE_DEBUG_INFO = NO;
				MTL_FAST_MATH = YES;
				SDKROOT = iphoneos;
				SWIFT_COMPILATION_MODE = wholemodule;
				SWIFT_OPTIMIZATION_LEVEL = "-O";
				VALIDATE_PRODUCT = YES;
			};
			name = Release;
		};
		182A39C52913B0D900EF2BE9 /* Debug */ = {
			isa = XCBuildConfiguration;
			buildSettings = {
				ASSETCATALOG_COMPILER_APPICON_NAME = AppIcon;
				ASSETCATALOG_COMPILER_GLOBAL_ACCENT_COLOR_NAME = AccentColor;
				CODE_SIGN_STYLE = Automatic;
				CURRENT_PROJECT_VERSION = 1;
				GENERATE_INFOPLIST_FILE = YES;
				INFOPLIST_FILE = calci/Info.plist;
				INFOPLIST_KEY_UIApplicationSupportsIndirectInputEvents = YES;
				INFOPLIST_KEY_UILaunchStoryboardName = LaunchScreen;
				INFOPLIST_KEY_UIMainStoryboardFile = Main;
				INFOPLIST_KEY_UISupportedInterfaceOrientations_iPad = "UIInterfaceOrientationPortrait UIInterfaceOrientationPortraitUpsideDown UIInterfaceOrientationLandscapeLeft UIInterfaceOrientationLandscapeRight";
				INFOPLIST_KEY_UISupportedInterfaceOrientations_iPhone = "UIInterfaceOrientationPortrait UIInterfaceOrientationLandscapeLeft UIInterfaceOrientationLandscapeRight";
				LD_RUNPATH_SEARCH_PATHS = (
					"$(inherited)",
					"@executable_path/Frameworks",
				);
				MARKETING_VERSION = 1.0;
				PRODUCT_BUNDLE_IDENTIFIER = www.msrit.edu.calci;
				PRODUCT_NAME = "$(TARGET_NAME)";
				SWIFT_EMIT_LOC_STRINGS = YES;
				SWIFT_VERSION = 5.0;
				TARGETED_DEVICE_FAMILY = "1,2";
			};
			name = Debug;
		};
		182A39C62913B0D900EF2BE9 /* Release */ = {
			isa = XCBuildConfiguration;
			buildSettings = {
				ASSETCATALOG_COMPILER_APPICON_NAME = AppIcon;
				ASSETCATALOG_COMPILER_GLOBAL_ACCENT_COLOR_NAME = AccentColor;
				CODE_SIGN_STYLE = Automatic;
				CURRENT_PROJECT_VERSION = 1;
				GENERATE_INFOPLIST_FILE = YES;
				INFOPLIST_FILE = calci/Info.plist;
				INFOPLIST_KEY_UIApplicationSupportsIndirectInputEvents = YES;
				INFOPLIST_KEY_UILaunchStoryboardName = LaunchScreen;
				INFOPLIST_KEY_UIMainStoryboardFile = Main;
				INFOPLIST_KEY_UISupportedInterfaceOrientations_iPad = "UIInterfaceOrientationPortrait UIInterfaceOrientationPortraitUpsideDown UIInterfaceOrientationLandscapeLeft UIInterfaceOrientationLandscapeRight";
				INFOPLIST_KEY_UISupportedInterfaceOrientations_iPhone = "UIInterfaceOrientationPortrait UIInterfaceOrientationLandscapeLeft UIInterfaceOrientationLandscapeRight";
				LD_RUNPATH_SEARCH_PATHS = (
					"$(inherited)",
					"@executable_path/Frameworks",
				);
				MARKETING_VERSION = 1.0;
				PRODUCT_BUNDLE_IDENTIFIER = www.msrit.edu.calci;
				PRODUCT_NAME = "$(TARGET_NAME)";
				SWIFT_EMIT_LOC_STRINGS = YES;
				SWIFT_VERSION = 5.0;
				TARGETED_DEVICE_FAMILY = "1,2";
			};
			name = Release;
		};
		182A39C82913B0D900EF2BE9 /* Debug */ = {
			isa = XCBuildConfiguration;
			buildSettings = {
				ALWAYS_EMBED_SWIFT_STANDARD_LIBRARIES = YES;
				BUNDLE_LOADER = "$(TEST_HOST)";
				CODE_SIGN_STYLE = Automatic;
				CURRENT_PROJECT_VERSION = 1;
				GENERATE_INFOPLIST_FILE = YES;
				IPHONEOS_DEPLOYMENT_TARGET = 15.5;
				MARKETING_VERSION = 1.0;
				PRODUCT_BUNDLE_IDENTIFIER = www.msrit.edu.calciTests;
				PRODUCT_NAME = "$(TARGET_NAME)";
				SWIFT_EMIT_LOC_STRINGS = NO;
				SWIFT_VERSION = 5.0;
				TARGETED_DEVICE_FAMILY = "1,2";
				TEST_HOST = "$(BUILT_PRODUCTS_DIR)/calci.app/calci";
			};
			name = Debug;
		};
		182A39C92913B0D900EF2BE9 /* Release */ = {
			isa = XCBuildConfiguration;
			buildSettings = {
				ALWAYS_EMBED_SWIFT_STANDARD_LIBRARIES = YES;
				BUNDLE_LOADER = "$(TEST_HOST)";
				CODE_SIGN_STYLE = Automatic;
				CURRENT_PROJECT_VERSION = 1;
				GENERATE_INFOPLIST_FILE = YES;
				IPHONEOS_DEPLOYMENT_TARGET = 15.5;
				MARKETING_VERSION = 1.0;
				PRODUCT_BUNDLE_IDENTIFIER = www.msrit.edu.calciTests;
				PRODUCT_NAME = "$(TARGET_NAME)";
				SWIFT_EMIT_LOC_STRINGS = NO;
				SWIFT_VERSION = 5.0;
				TARGETED_DEVICE_FAMILY = "1,2";
				TEST_HOST = "$(BUILT_PRODUCTS_DIR)/calci.app/calci";
			};
			name = Release;
		};
		182A39CB2913B0D900EF2BE9 /* Debug */ = {
			isa = XCBuildConfiguration;
			buildSettings = {
				ALWAYS_EMBED_SWIFT_STANDARD_LIBRARIES = YES;
				CODE_SIGN_STYLE = Automatic;
				CURRENT_PROJECT_VERSION = 1;
				GENERATE_INFOPLIST_FILE = YES;
				MARKETING_VERSION = 1.0;
				PRODUCT_BUNDLE_IDENTIFIER = www.msrit.edu.calciUITests;
				PRODUCT_NAME = "$(TARGET_NAME)";
				SWIFT_EMIT_LOC_STRINGS = NO;
				SWIFT_VERSION = 5.0;
				TARGETED_DEVICE_FAMILY = "1,2";
				TEST_TARGET_NAME = calci;
			};
			name = Debug;
		};
		182A39CC2913B0D900EF2BE9 /* Release */ = {
			isa = XCBuildConfiguration;
			buildSettings = {
				ALWAYS_EMBED_SWIFT_STANDARD_LIBRARIES = YES;
				CODE_SIGN_STYLE = Automatic;
				CURRENT_PROJECT_VERSION = 1;
				GENERATE_INFOPLIST_FILE = YES;
				MARKETING_VERSION = 1.0;
				PRODUCT_BUNDLE_IDENTIFIER = www.msrit.edu.calciUITests;
				PRODUCT_NAME = "$(TARGET_NAME)";
				SWIFT_EMIT_LOC_STRINGS = NO;
				SWIFT_VERSION = 5.0;
				TARGETED_DEVICE_FAMILY = "1,2";
				TEST_TARGET_NAME = calci;
			};
			name = Release;
		};
/* End XCBuildConfiguration section */

/* Begin XCConfigurationList section */
		182A39952913B0D700EF2BE9 /* Build configuration list for PBXProject "calci" */ = {
			isa = XCConfigurationList;
			buildConfigurations = (
				182A39C22913B0D900EF2BE9 /* Debug */,
				182A39C32913B0D900EF2BE9 /* Release */,
			);
			defaultConfigurationIsVisible = 0;
			defaultConfigurationName = Release;
		};
		182A39C42913B0D900EF2BE9 /* Build configuration list for PBXNativeTarget "calci" */ = {
			isa = XCConfigurationList;
			buildConfigurations = (
				182A39C52913B0D900EF2BE9 /* Debug */,
				182A39C62913B0D900EF2BE9 /* Release */,
			);
			defaultConfigurationIsVisible = 0;
			defaultConfigurationName = Release;
		};
		182A39C72913B0D900EF2BE9 /* Build configuration list for PBXNativeTarget "calciTests" */ = {
			isa = XCConfigurationList;
			buildConfigurations = (
				182A39C82913B0D900EF2BE9 /* Debug */,
				182A39C92913B0D900EF2BE9 /* Release */,
			);
			defaultConfigurationIsVisible = 0;
			defaultConfigurationName = Release;
		};
		182A39CA2913B0D900EF2BE9 /* Build configuration list for PBXNativeTarget "calciUITests" */ = {
			isa = XCConfigurationList;
			buildConfigurations = (
				182A39CB2913B0D900EF2BE9 /* Debug */,
				182A39CC2913B0D900EF2BE9 /* Release */,
			);
			defaultConfigurationIsVisible = 0;
			defaultConfigurationName = Release;
		};
/* End XCConfigurationList section */
	};
	rootObject = 182A39922913B0D700EF2BE9 /* Project object */;
}
